// !$*UTF8*$!
{
	archiveVersion = 1;
	classes = {
	};
	objectVersion = 46;
	objects = {

/* Begin PBXBuildFile section */
		B88FB50B1E4F9C57002591E3 /* SearchedLawmakerCell.xib in Resources */ = {isa = PBXBuildFile; fileRef = D2D3F9571CABFA3F00D97B23 /* SearchedLawmakerCell.xib */; };
		B8DCDA5C1E85700D00F66CA0 /* Enums.swift in Sources */ = {isa = PBXBuildFile; fileRef = B8DCDA5B1E85700D00F66CA0 /* Enums.swift */; };
		D20028301CE86C9E00F1369E /* WebViewController.swift in Sources */ = {isa = PBXBuildFile; fileRef = D200282F1CE86C9E00F1369E /* WebViewController.swift */; };
		D20028321CE8B3C300F1369E /* BillDetailViewController.swift in Sources */ = {isa = PBXBuildFile; fileRef = D20028311CE8B3C300F1369E /* BillDetailViewController.swift */; };
		D212D3BE1CF97563008CEC5C /* LawmakerInList.swift in Sources */ = {isa = PBXBuildFile; fileRef = D212D3BD1CF97563008CEC5C /* LawmakerInList.swift */; };
		D212D3C01CF97574008CEC5C /* BillInList.swift in Sources */ = {isa = PBXBuildFile; fileRef = D212D3BF1CF97574008CEC5C /* BillInList.swift */; };
		D212D3C21CF99A8C008CEC5C /* LawmakerListViewController.swift in Sources */ = {isa = PBXBuildFile; fileRef = D212D3C11CF99A8C008CEC5C /* LawmakerListViewController.swift */; };
		D212D3C41CF99AA6008CEC5C /* BillListViewController.swift in Sources */ = {isa = PBXBuildFile; fileRef = D212D3C31CF99AA6008CEC5C /* BillListViewController.swift */; };
		D22A7F531CDB511500CFF74A /* RestClientConvenience.swift in Sources */ = {isa = PBXBuildFile; fileRef = D22A7F521CDB511500CFF74A /* RestClientConvenience.swift */; };
		D235C3301CB1068700704A90 /* ImageCache.swift in Sources */ = {isa = PBXBuildFile; fileRef = D235C32F1CB1068700704A90 /* ImageCache.swift */; };
		D235C3321CB4090300704A90 /* SearchViewController.swift in Sources */ = {isa = PBXBuildFile; fileRef = D235C3311CB4090300704A90 /* SearchViewController.swift */; };
		D236968B1D3B3CAB00F9FB75 /* CommonHelper.swift in Sources */ = {isa = PBXBuildFile; fileRef = D236968A1D3B3CAB00F9FB75 /* CommonHelper.swift */; };
		D23772971CAD22E60004A2E2 /* PartyCollectionViewCell.swift in Sources */ = {isa = PBXBuildFile; fileRef = D23772961CAD22E60004A2E2 /* PartyCollectionViewCell.swift */; };
		D253BC721E8CDC5B00237232 /* CoreDataHelper.swift in Sources */ = {isa = PBXBuildFile; fileRef = D253BC711E8CDC5B00237232 /* CoreDataHelper.swift */; };
		D253BC741E8CE79200237232 /* PoliticsViewControllerExtension.swift in Sources */ = {isa = PBXBuildFile; fileRef = D253BC731E8CE79200237232 /* PoliticsViewControllerExtension.swift */; };
		D259513D1D1538AA007AD7D1 /* SplashViewController.swift in Sources */ = {isa = PBXBuildFile; fileRef = D259513C1D1538AA007AD7D1 /* SplashViewController.swift */; };
		D25951411D153EB5007AD7D1 /* Launch Screen.storyboard in Resources */ = {isa = PBXBuildFile; fileRef = D25951401D153EB5007AD7D1 /* Launch Screen.storyboard */; };
		D2678C5E1C904DE90056278F /* CoreDataStackManager.swift in Sources */ = {isa = PBXBuildFile; fileRef = D2678C5D1C904DE90056278F /* CoreDataStackManager.swift */; };
		D2678C611C904E740056278F /* Model.xcdatamodeld in Sources */ = {isa = PBXBuildFile; fileRef = D2678C5F1C904E740056278F /* Model.xcdatamodeld */; };
		D2678C631C9052D80056278F /* Lawmaker.swift in Sources */ = {isa = PBXBuildFile; fileRef = D2678C621C9052D80056278F /* Lawmaker.swift */; };
		D2678C651C9173780056278F /* LawmakerTableViewCell.swift in Sources */ = {isa = PBXBuildFile; fileRef = D2678C641C9173780056278F /* LawmakerTableViewCell.swift */; };
		D2678C671C91797D0056278F /* TaskCancelingTableViewCell.swift in Sources */ = {isa = PBXBuildFile; fileRef = D2678C661C91797D0056278F /* TaskCancelingTableViewCell.swift */; };
		D26806531D323A3A00DA5C53 /* LawmakerDetailTableViewCell.swift in Sources */ = {isa = PBXBuildFile; fileRef = D26806521D323A3A00DA5C53 /* LawmakerDetailTableViewCell.swift */; };
		D26806581D325E9300DA5C53 /* SearchedLawmakerDetailTableViewCell.swift in Sources */ = {isa = PBXBuildFile; fileRef = D26806571D325E9300DA5C53 /* SearchedLawmakerDetailTableViewCell.swift */; };
		D27451A81CA6BE770024A904 /* Constants.swift in Sources */ = {isa = PBXBuildFile; fileRef = D27451A71CA6BE770024A904 /* Constants.swift */; };
		D27451AA1CA6BE8D0024A904 /* RestClient.swift in Sources */ = {isa = PBXBuildFile; fileRef = D27451A91CA6BE8D0024A904 /* RestClient.swift */; };
		D27597091E83B81000C31836 /* Extensions.swift in Sources */ = {isa = PBXBuildFile; fileRef = D27597081E83B81000C31836 /* Extensions.swift */; };
		D291C5311E8D07270089884D /* BillDetailInfoTableViewCell.swift in Sources */ = {isa = PBXBuildFile; fileRef = D291C5301E8D07270089884D /* BillDetailInfoTableViewCell.swift */; };
		D291C5331E8D12E30089884D /* assembly.json in Resources */ = {isa = PBXBuildFile; fileRef = D291C5321E8D12E30089884D /* assembly.json */; };
		D292EE2E1D20067300EF84B0 /* SearchedLawmakerDetailViewController.swift in Sources */ = {isa = PBXBuildFile; fileRef = D292EE2D1D20067300EF84B0 /* SearchedLawmakerDetailViewController.swift */; };
		D2934CFA1CF2015500EA734C /* LawmakerDetailViewController.swift in Sources */ = {isa = PBXBuildFile; fileRef = D23772981CAFB65E0004A2E2 /* LawmakerDetailViewController.swift */; };
		D2934CFE1CF3442B00EA734C /* SearchedBillCell.xib in Resources */ = {isa = PBXBuildFile; fileRef = D2934CFD1CF3442B00EA734C /* SearchedBillCell.xib */; };
		D2934D041CF3448C00EA734C /* SearchedPartyCell.xib in Resources */ = {isa = PBXBuildFile; fileRef = D2934D031CF3448C00EA734C /* SearchedPartyCell.xib */; };
		D2934D061CF346E700EA734C /* SearchedLawmakerTableViewCell.swift in Sources */ = {isa = PBXBuildFile; fileRef = D2934D051CF346E700EA734C /* SearchedLawmakerTableViewCell.swift */; };
		D2934D081CF346FA00EA734C /* SearchedBillTableViewCell.swift in Sources */ = {isa = PBXBuildFile; fileRef = D2934D071CF346FA00EA734C /* SearchedBillTableViewCell.swift */; };
		D2934D0A1CF3470800EA734C /* SearchedPartyTableViewCell.swift in Sources */ = {isa = PBXBuildFile; fileRef = D2934D091CF3470800EA734C /* SearchedPartyTableViewCell.swift */; };
		D29468131CC2538600232D41 /* Search.swift in Sources */ = {isa = PBXBuildFile; fileRef = D29468121CC2538600232D41 /* Search.swift */; };
		D2964B801C7344D700D5FF5C /* AppDelegate.swift in Sources */ = {isa = PBXBuildFile; fileRef = D2964B7F1C7344D700D5FF5C /* AppDelegate.swift */; };
		D2964B821C7344D700D5FF5C /* PoliticsViewController.swift in Sources */ = {isa = PBXBuildFile; fileRef = D2964B811C7344D700D5FF5C /* PoliticsViewController.swift */; };
		D2964B851C7344D700D5FF5C /* Main.storyboard in Resources */ = {isa = PBXBuildFile; fileRef = D2964B831C7344D700D5FF5C /* Main.storyboard */; };
		D2964B871C7344D700D5FF5C /* Assets.xcassets in Resources */ = {isa = PBXBuildFile; fileRef = D2964B861C7344D700D5FF5C /* Assets.xcassets */; };
		D2964B951C7344D700D5FF5C /* OpenNATests.swift in Sources */ = {isa = PBXBuildFile; fileRef = D2964B941C7344D700D5FF5C /* OpenNATests.swift */; };
		D2964BA01C7344D700D5FF5C /* OpenNAUITests.swift in Sources */ = {isa = PBXBuildFile; fileRef = D2964B9F1C7344D700D5FF5C /* OpenNAUITests.swift */; };
		D29A751E1C92E03F002F06F2 /* LawmakerCell.xib in Resources */ = {isa = PBXBuildFile; fileRef = D29A751D1C92E03F002F06F2 /* LawmakerCell.xib */; };
		D2D3F94B1CAA808200D97B23 /* Bill.swift in Sources */ = {isa = PBXBuildFile; fileRef = D2D3F94A1CAA808200D97B23 /* Bill.swift */; };
		D2D3F9531CABCE4F00D97B23 /* BillTableViewCell.swift in Sources */ = {isa = PBXBuildFile; fileRef = D2D3F9521CABCE4F00D97B23 /* BillTableViewCell.swift */; };
		D2D3F9561CABD1A500D97B23 /* BillCell.xib in Resources */ = {isa = PBXBuildFile; fileRef = D2D3F9551CABD1A500D97B23 /* BillCell.xib */; };
		D2D3F95A1CAC2D6700D97B23 /* Party.swift in Sources */ = {isa = PBXBuildFile; fileRef = D2D3F9591CAC2D6700D97B23 /* Party.swift */; };
		FD96E5BA0A6AC631837B7A8D /* Pods_OpenNA.framework in Frameworks */ = {isa = PBXBuildFile; fileRef = 6E53F0110EF24D4E8B29C805 /* Pods_OpenNA.framework */; };
/* End PBXBuildFile section */

/* Begin PBXContainerItemProxy section */
		D2964B911C7344D700D5FF5C /* PBXContainerItemProxy */ = {
			isa = PBXContainerItemProxy;
			containerPortal = D2964B741C7344D700D5FF5C /* Project object */;
			proxyType = 1;
			remoteGlobalIDString = D2964B7B1C7344D700D5FF5C;
			remoteInfo = OpenNA;
		};
		D2964B9C1C7344D700D5FF5C /* PBXContainerItemProxy */ = {
			isa = PBXContainerItemProxy;
			containerPortal = D2964B741C7344D700D5FF5C /* Project object */;
			proxyType = 1;
			remoteGlobalIDString = D2964B7B1C7344D700D5FF5C;
			remoteInfo = OpenNA;
		};
/* End PBXContainerItemProxy section */

/* Begin PBXFileReference section */
		22A899453A63A3AB72A6D9FB /* Pods-OpenNA.release.xcconfig */ = {isa = PBXFileReference; includeInIndex = 1; lastKnownFileType = text.xcconfig; name = "Pods-OpenNA.release.xcconfig"; path = "Pods/Target Support Files/Pods-OpenNA/Pods-OpenNA.release.xcconfig"; sourceTree = "<group>"; };
		3801775D12FBF6181F3CD108 /* Pods.framework */ = {isa = PBXFileReference; explicitFileType = wrapper.framework; includeInIndex = 0; path = Pods.framework; sourceTree = BUILT_PRODUCTS_DIR; };
		6E53F0110EF24D4E8B29C805 /* Pods_OpenNA.framework */ = {isa = PBXFileReference; explicitFileType = wrapper.framework; includeInIndex = 0; path = Pods_OpenNA.framework; sourceTree = BUILT_PRODUCTS_DIR; };
		8501E14855B4581ED95B1665 /* Pods-OpenNA.debug.xcconfig */ = {isa = PBXFileReference; includeInIndex = 1; lastKnownFileType = text.xcconfig; name = "Pods-OpenNA.debug.xcconfig"; path = "Pods/Target Support Files/Pods-OpenNA/Pods-OpenNA.debug.xcconfig"; sourceTree = "<group>"; };
		B8DCDA5B1E85700D00F66CA0 /* Enums.swift */ = {isa = PBXFileReference; fileEncoding = 4; lastKnownFileType = sourcecode.swift; path = Enums.swift; sourceTree = "<group>"; };
		D200282F1CE86C9E00F1369E /* WebViewController.swift */ = {isa = PBXFileReference; fileEncoding = 4; lastKnownFileType = sourcecode.swift; path = WebViewController.swift; sourceTree = "<group>"; };
		D20028311CE8B3C300F1369E /* BillDetailViewController.swift */ = {isa = PBXFileReference; fileEncoding = 4; lastKnownFileType = sourcecode.swift; path = BillDetailViewController.swift; sourceTree = "<group>"; };
		D212D3BD1CF97563008CEC5C /* LawmakerInList.swift */ = {isa = PBXFileReference; fileEncoding = 4; lastKnownFileType = sourcecode.swift; path = LawmakerInList.swift; sourceTree = "<group>"; };
		D212D3BF1CF97574008CEC5C /* BillInList.swift */ = {isa = PBXFileReference; fileEncoding = 4; lastKnownFileType = sourcecode.swift; path = BillInList.swift; sourceTree = "<group>"; };
		D212D3C11CF99A8C008CEC5C /* LawmakerListViewController.swift */ = {isa = PBXFileReference; fileEncoding = 4; lastKnownFileType = sourcecode.swift; path = LawmakerListViewController.swift; sourceTree = "<group>"; };
		D212D3C31CF99AA6008CEC5C /* BillListViewController.swift */ = {isa = PBXFileReference; fileEncoding = 4; lastKnownFileType = sourcecode.swift; path = BillListViewController.swift; sourceTree = "<group>"; };
		D22A7F521CDB511500CFF74A /* RestClientConvenience.swift */ = {isa = PBXFileReference; fileEncoding = 4; lastKnownFileType = sourcecode.swift; path = RestClientConvenience.swift; sourceTree = "<group>"; };
		D235C32F1CB1068700704A90 /* ImageCache.swift */ = {isa = PBXFileReference; fileEncoding = 4; lastKnownFileType = sourcecode.swift; path = ImageCache.swift; sourceTree = "<group>"; };
		D235C3311CB4090300704A90 /* SearchViewController.swift */ = {isa = PBXFileReference; fileEncoding = 4; lastKnownFileType = sourcecode.swift; path = SearchViewController.swift; sourceTree = "<group>"; };
		D236968A1D3B3CAB00F9FB75 /* CommonHelper.swift */ = {isa = PBXFileReference; fileEncoding = 4; lastKnownFileType = sourcecode.swift; path = CommonHelper.swift; sourceTree = "<group>"; };
		D23772961CAD22E60004A2E2 /* PartyCollectionViewCell.swift */ = {isa = PBXFileReference; fileEncoding = 4; lastKnownFileType = sourcecode.swift; path = PartyCollectionViewCell.swift; sourceTree = "<group>"; };
		D23772981CAFB65E0004A2E2 /* LawmakerDetailViewController.swift */ = {isa = PBXFileReference; fileEncoding = 4; lastKnownFileType = sourcecode.swift; path = LawmakerDetailViewController.swift; sourceTree = "<group>"; };
		D253BC701E8CD4BB00237232 /* ko */ = {isa = PBXFileReference; lastKnownFileType = text.plist.strings; name = ko; path = ko.lproj/Main.strings; sourceTree = "<group>"; };
		D253BC711E8CDC5B00237232 /* CoreDataHelper.swift */ = {isa = PBXFileReference; fileEncoding = 4; lastKnownFileType = sourcecode.swift; path = CoreDataHelper.swift; sourceTree = "<group>"; };
		D253BC731E8CE79200237232 /* PoliticsViewControllerExtension.swift */ = {isa = PBXFileReference; fileEncoding = 4; lastKnownFileType = sourcecode.swift; path = PoliticsViewControllerExtension.swift; sourceTree = "<group>"; };
		D259513C1D1538AA007AD7D1 /* SplashViewController.swift */ = {isa = PBXFileReference; fileEncoding = 4; lastKnownFileType = sourcecode.swift; path = SplashViewController.swift; sourceTree = "<group>"; };
		D25951401D153EB5007AD7D1 /* Launch Screen.storyboard */ = {isa = PBXFileReference; fileEncoding = 4; lastKnownFileType = file.storyboard; path = "Launch Screen.storyboard"; sourceTree = "<group>"; };
		D2678C5D1C904DE90056278F /* CoreDataStackManager.swift */ = {isa = PBXFileReference; fileEncoding = 4; lastKnownFileType = sourcecode.swift; path = CoreDataStackManager.swift; sourceTree = "<group>"; };
		D2678C601C904E740056278F /* Model.xcdatamodel */ = {isa = PBXFileReference; lastKnownFileType = wrapper.xcdatamodel; path = Model.xcdatamodel; sourceTree = "<group>"; };
		D2678C621C9052D80056278F /* Lawmaker.swift */ = {isa = PBXFileReference; fileEncoding = 4; lastKnownFileType = sourcecode.swift; path = Lawmaker.swift; sourceTree = "<group>"; };
		D2678C641C9173780056278F /* LawmakerTableViewCell.swift */ = {isa = PBXFileReference; fileEncoding = 4; lastKnownFileType = sourcecode.swift; path = LawmakerTableViewCell.swift; sourceTree = "<group>"; };
		D2678C661C91797D0056278F /* TaskCancelingTableViewCell.swift */ = {isa = PBXFileReference; fileEncoding = 4; lastKnownFileType = sourcecode.swift; path = TaskCancelingTableViewCell.swift; sourceTree = "<group>"; };
		D26806521D323A3A00DA5C53 /* LawmakerDetailTableViewCell.swift */ = {isa = PBXFileReference; fileEncoding = 4; lastKnownFileType = sourcecode.swift; path = LawmakerDetailTableViewCell.swift; sourceTree = "<group>"; };
		D26806571D325E9300DA5C53 /* SearchedLawmakerDetailTableViewCell.swift */ = {isa = PBXFileReference; fileEncoding = 4; lastKnownFileType = sourcecode.swift; path = SearchedLawmakerDetailTableViewCell.swift; sourceTree = "<group>"; };
		D27451A71CA6BE770024A904 /* Constants.swift */ = {isa = PBXFileReference; fileEncoding = 4; lastKnownFileType = sourcecode.swift; path = Constants.swift; sourceTree = "<group>"; };
		D27451A91CA6BE8D0024A904 /* RestClient.swift */ = {isa = PBXFileReference; fileEncoding = 4; lastKnownFileType = sourcecode.swift; path = RestClient.swift; sourceTree = "<group>"; };
		D27597081E83B81000C31836 /* Extensions.swift */ = {isa = PBXFileReference; fileEncoding = 4; lastKnownFileType = sourcecode.swift; path = Extensions.swift; sourceTree = "<group>"; };
		D291C5301E8D07270089884D /* BillDetailInfoTableViewCell.swift */ = {isa = PBXFileReference; fileEncoding = 4; lastKnownFileType = sourcecode.swift; path = BillDetailInfoTableViewCell.swift; sourceTree = "<group>"; };
		D291C5321E8D12E30089884D /* assembly.json */ = {isa = PBXFileReference; fileEncoding = 4; lastKnownFileType = text.json; path = assembly.json; sourceTree = "<group>"; };
		D292EE2D1D20067300EF84B0 /* SearchedLawmakerDetailViewController.swift */ = {isa = PBXFileReference; fileEncoding = 4; lastKnownFileType = sourcecode.swift; path = SearchedLawmakerDetailViewController.swift; sourceTree = "<group>"; };
		D2934CFD1CF3442B00EA734C /* SearchedBillCell.xib */ = {isa = PBXFileReference; fileEncoding = 4; lastKnownFileType = file.xib; path = SearchedBillCell.xib; sourceTree = "<group>"; };
		D2934D031CF3448C00EA734C /* SearchedPartyCell.xib */ = {isa = PBXFileReference; fileEncoding = 4; lastKnownFileType = file.xib; path = SearchedPartyCell.xib; sourceTree = "<group>"; };
		D2934D051CF346E700EA734C /* SearchedLawmakerTableViewCell.swift */ = {isa = PBXFileReference; fileEncoding = 4; lastKnownFileType = sourcecode.swift; path = SearchedLawmakerTableViewCell.swift; sourceTree = "<group>"; };
		D2934D071CF346FA00EA734C /* SearchedBillTableViewCell.swift */ = {isa = PBXFileReference; fileEncoding = 4; lastKnownFileType = sourcecode.swift; path = SearchedBillTableViewCell.swift; sourceTree = "<group>"; };
		D2934D091CF3470800EA734C /* SearchedPartyTableViewCell.swift */ = {isa = PBXFileReference; fileEncoding = 4; lastKnownFileType = sourcecode.swift; path = SearchedPartyTableViewCell.swift; sourceTree = "<group>"; };
		D29468121CC2538600232D41 /* Search.swift */ = {isa = PBXFileReference; fileEncoding = 4; lastKnownFileType = sourcecode.swift; path = Search.swift; sourceTree = "<group>"; };
		D2964B7C1C7344D700D5FF5C /* OpenNA.app */ = {isa = PBXFileReference; explicitFileType = wrapper.application; includeInIndex = 0; path = OpenNA.app; sourceTree = BUILT_PRODUCTS_DIR; };
		D2964B7F1C7344D700D5FF5C /* AppDelegate.swift */ = {isa = PBXFileReference; lastKnownFileType = sourcecode.swift; path = AppDelegate.swift; sourceTree = "<group>"; };
		D2964B811C7344D700D5FF5C /* PoliticsViewController.swift */ = {isa = PBXFileReference; lastKnownFileType = sourcecode.swift; path = PoliticsViewController.swift; sourceTree = "<group>"; };
		D2964B841C7344D700D5FF5C /* Base */ = {isa = PBXFileReference; lastKnownFileType = file.storyboard; name = Base; path = Base.lproj/Main.storyboard; sourceTree = "<group>"; };
		D2964B861C7344D700D5FF5C /* Assets.xcassets */ = {isa = PBXFileReference; lastKnownFileType = folder.assetcatalog; path = Assets.xcassets; sourceTree = "<group>"; };
		D2964B8B1C7344D700D5FF5C /* Info.plist */ = {isa = PBXFileReference; lastKnownFileType = text.plist.xml; path = Info.plist; sourceTree = "<group>"; };
		D2964B901C7344D700D5FF5C /* OpenNATests.xctest */ = {isa = PBXFileReference; explicitFileType = wrapper.cfbundle; includeInIndex = 0; path = OpenNATests.xctest; sourceTree = BUILT_PRODUCTS_DIR; };
		D2964B941C7344D700D5FF5C /* OpenNATests.swift */ = {isa = PBXFileReference; lastKnownFileType = sourcecode.swift; path = OpenNATests.swift; sourceTree = "<group>"; };
		D2964B961C7344D700D5FF5C /* Info.plist */ = {isa = PBXFileReference; lastKnownFileType = text.plist.xml; path = Info.plist; sourceTree = "<group>"; };
		D2964B9B1C7344D700D5FF5C /* OpenNAUITests.xctest */ = {isa = PBXFileReference; explicitFileType = wrapper.cfbundle; includeInIndex = 0; path = OpenNAUITests.xctest; sourceTree = BUILT_PRODUCTS_DIR; };
		D2964B9F1C7344D700D5FF5C /* OpenNAUITests.swift */ = {isa = PBXFileReference; lastKnownFileType = sourcecode.swift; path = OpenNAUITests.swift; sourceTree = "<group>"; };
		D2964BA11C7344D700D5FF5C /* Info.plist */ = {isa = PBXFileReference; lastKnownFileType = text.plist.xml; path = Info.plist; sourceTree = "<group>"; };
		D29A751D1C92E03F002F06F2 /* LawmakerCell.xib */ = {isa = PBXFileReference; fileEncoding = 4; lastKnownFileType = file.xib; path = LawmakerCell.xib; sourceTree = "<group>"; };
		D2D3F94A1CAA808200D97B23 /* Bill.swift */ = {isa = PBXFileReference; fileEncoding = 4; lastKnownFileType = sourcecode.swift; path = Bill.swift; sourceTree = "<group>"; };
		D2D3F9521CABCE4F00D97B23 /* BillTableViewCell.swift */ = {isa = PBXFileReference; fileEncoding = 4; lastKnownFileType = sourcecode.swift; path = BillTableViewCell.swift; sourceTree = "<group>"; };
		D2D3F9551CABD1A500D97B23 /* BillCell.xib */ = {isa = PBXFileReference; fileEncoding = 4; lastKnownFileType = file.xib; path = BillCell.xib; sourceTree = "<group>"; };
		D2D3F9571CABFA3F00D97B23 /* SearchedLawmakerCell.xib */ = {isa = PBXFileReference; fileEncoding = 4; lastKnownFileType = file.xib; path = SearchedLawmakerCell.xib; sourceTree = "<group>"; };
		D2D3F9591CAC2D6700D97B23 /* Party.swift */ = {isa = PBXFileReference; fileEncoding = 4; lastKnownFileType = sourcecode.swift; path = Party.swift; sourceTree = "<group>"; };
/* End PBXFileReference section */

/* Begin PBXFrameworksBuildPhase section */
		D2964B791C7344D700D5FF5C /* Frameworks */ = {
			isa = PBXFrameworksBuildPhase;
			buildActionMask = 2147483647;
			files = (
				FD96E5BA0A6AC631837B7A8D /* Pods_OpenNA.framework in Frameworks */,
			);
			runOnlyForDeploymentPostprocessing = 0;
		};
		D2964B8D1C7344D700D5FF5C /* Frameworks */ = {
			isa = PBXFrameworksBuildPhase;
			buildActionMask = 2147483647;
			files = (
			);
			runOnlyForDeploymentPostprocessing = 0;
		};
		D2964B981C7344D700D5FF5C /* Frameworks */ = {
			isa = PBXFrameworksBuildPhase;
			buildActionMask = 2147483647;
			files = (
			);
			runOnlyForDeploymentPostprocessing = 0;
		};
/* End PBXFrameworksBuildPhase section */

/* Begin PBXGroup section */
		B87B32341E61CC72005F8B5A /* Helper */ = {
			isa = PBXGroup;
			children = (
				D236968A1D3B3CAB00F9FB75 /* CommonHelper.swift */,
				D253BC711E8CDC5B00237232 /* CoreDataHelper.swift */,
				D27597081E83B81000C31836 /* Extensions.swift */,
				B8DCDA5B1E85700D00F66CA0 /* Enums.swift */,
				D235C32F1CB1068700704A90 /* ImageCache.swift */,
			);
			name = Helper;
			sourceTree = "<group>";
		};
		CBCE29CFD52F1013242F9EDE /* Pods */ = {
			isa = PBXGroup;
			children = (
				8501E14855B4581ED95B1665 /* Pods-OpenNA.debug.xcconfig */,
				22A899453A63A3AB72A6D9FB /* Pods-OpenNA.release.xcconfig */,
			);
			name = Pods;
			sourceTree = "<group>";
		};
		CC3CA0A33224EEC629736A00 /* Frameworks */ = {
			isa = PBXGroup;
			children = (
				3801775D12FBF6181F3CD108 /* Pods.framework */,
				6E53F0110EF24D4E8B29C805 /* Pods_OpenNA.framework */,
			);
			name = Frameworks;
			sourceTree = "<group>";
		};
		D23696891D3B3C6600F9FB75 /* Storyboard */ = {
			isa = PBXGroup;
			children = (
				D25951401D153EB5007AD7D1 /* Launch Screen.storyboard */,
				D2964B831C7344D700D5FF5C /* Main.storyboard */,
			);
			name = Storyboard;
			sourceTree = "<group>";
		};
		D26806541D323A8D00DA5C53 /* Xibs */ = {
			isa = PBXGroup;
			children = (
				D2D3F9551CABD1A500D97B23 /* BillCell.xib */,
				D29A751D1C92E03F002F06F2 /* LawmakerCell.xib */,
				D2934CFD1CF3442B00EA734C /* SearchedBillCell.xib */,
				D2D3F9571CABFA3F00D97B23 /* SearchedLawmakerCell.xib */,
				D2934D031CF3448C00EA734C /* SearchedPartyCell.xib */,
			);
			name = Xibs;
			sourceTree = "<group>";
		};
		D26806561D323AEC00DA5C53 /* Constant */ = {
			isa = PBXGroup;
			children = (
				D27451A71CA6BE770024A904 /* Constants.swift */,
			);
			name = Constant;
			sourceTree = "<group>";
		};
		D2964B731C7344D700D5FF5C = {
			isa = PBXGroup;
			children = (
				D2964B7E1C7344D700D5FF5C /* OpenNA */,
				D2964B931C7344D700D5FF5C /* OpenNATests */,
				D2964B9E1C7344D700D5FF5C /* OpenNAUITests */,
				D2964B7D1C7344D700D5FF5C /* Products */,
				CC3CA0A33224EEC629736A00 /* Frameworks */,
				CBCE29CFD52F1013242F9EDE /* Pods */,
			);
			sourceTree = "<group>";
		};
		D2964B7D1C7344D700D5FF5C /* Products */ = {
			isa = PBXGroup;
			children = (
				D2964B7C1C7344D700D5FF5C /* OpenNA.app */,
				D2964B901C7344D700D5FF5C /* OpenNATests.xctest */,
				D2964B9B1C7344D700D5FF5C /* OpenNAUITests.xctest */,
			);
			name = Products;
			sourceTree = "<group>";
		};
		D2964B7E1C7344D700D5FF5C /* OpenNA */ = {
			isa = PBXGroup;
			children = (
				B87B32341E61CC72005F8B5A /* Helper */,
				D26806561D323AEC00DA5C53 /* Constant */,
				D2D3F9541CABD02D00D97B23 /* Network */,
				D2D3F9491CAA54D600D97B23 /* Controller */,
				D2D3F9481CAA54CC00D97B23 /* View */,
				D2D3F9471CAA54A200D97B23 /* Model */,
				D2964BEB1C77124E00D5FF5C /* Supporting Files */,
			);
			path = OpenNA;
			sourceTree = "<group>";
		};
		D2964B931C7344D700D5FF5C /* OpenNATests */ = {
			isa = PBXGroup;
			children = (
				D2964B941C7344D700D5FF5C /* OpenNATests.swift */,
				D2964B961C7344D700D5FF5C /* Info.plist */,
			);
			path = OpenNATests;
			sourceTree = "<group>";
		};
		D2964B9E1C7344D700D5FF5C /* OpenNAUITests */ = {
			isa = PBXGroup;
			children = (
				D2964B9F1C7344D700D5FF5C /* OpenNAUITests.swift */,
				D2964BA11C7344D700D5FF5C /* Info.plist */,
			);
			path = OpenNAUITests;
			sourceTree = "<group>";
		};
		D2964BEB1C77124E00D5FF5C /* Supporting Files */ = {
			isa = PBXGroup;
			children = (
				D23696891D3B3C6600F9FB75 /* Storyboard */,
				D2964B861C7344D700D5FF5C /* Assets.xcassets */,
				D2964B7F1C7344D700D5FF5C /* AppDelegate.swift */,
				D291C5321E8D12E30089884D /* assembly.json */,
				D2964B8B1C7344D700D5FF5C /* Info.plist */,
			);
			name = "Supporting Files";
			sourceTree = "<group>";
		};
		D2D3F9471CAA54A200D97B23 /* Model */ = {
			isa = PBXGroup;
			children = (
				D2678C621C9052D80056278F /* Lawmaker.swift */,
				D212D3BD1CF97563008CEC5C /* LawmakerInList.swift */,
				D212D3BF1CF97574008CEC5C /* BillInList.swift */,
				D2D3F94A1CAA808200D97B23 /* Bill.swift */,
				D2D3F9591CAC2D6700D97B23 /* Party.swift */,
				D2678C5D1C904DE90056278F /* CoreDataStackManager.swift */,
				D2678C5F1C904E740056278F /* Model.xcdatamodeld */,
			);
			name = Model;
			sourceTree = "<group>";
		};
		D2D3F9481CAA54CC00D97B23 /* View */ = {
			isa = PBXGroup;
			children = (
				D26806541D323A8D00DA5C53 /* Xibs */,
				D26806521D323A3A00DA5C53 /* LawmakerDetailTableViewCell.swift */,
				D2678C641C9173780056278F /* LawmakerTableViewCell.swift */,
				D2934D051CF346E700EA734C /* SearchedLawmakerTableViewCell.swift */,
				D26806571D325E9300DA5C53 /* SearchedLawmakerDetailTableViewCell.swift */,
				D2934D071CF346FA00EA734C /* SearchedBillTableViewCell.swift */,
				D2934D091CF3470800EA734C /* SearchedPartyTableViewCell.swift */,
				D23772961CAD22E60004A2E2 /* PartyCollectionViewCell.swift */,
				D2D3F9521CABCE4F00D97B23 /* BillTableViewCell.swift */,
				D291C5301E8D07270089884D /* BillDetailInfoTableViewCell.swift */,
				D2678C661C91797D0056278F /* TaskCancelingTableViewCell.swift */,
			);
			name = View;
			sourceTree = "<group>";
		};
		D2D3F9491CAA54D600D97B23 /* Controller */ = {
			isa = PBXGroup;
			children = (
				D2964B811C7344D700D5FF5C /* PoliticsViewController.swift */,
				D253BC731E8CE79200237232 /* PoliticsViewControllerExtension.swift */,
				D23772981CAFB65E0004A2E2 /* LawmakerDetailViewController.swift */,
				D292EE2D1D20067300EF84B0 /* SearchedLawmakerDetailViewController.swift */,
				D200282F1CE86C9E00F1369E /* WebViewController.swift */,
				D20028311CE8B3C300F1369E /* BillDetailViewController.swift */,
				D29468121CC2538600232D41 /* Search.swift */,
				D235C3311CB4090300704A90 /* SearchViewController.swift */,
				D212D3C11CF99A8C008CEC5C /* LawmakerListViewController.swift */,
				D212D3C31CF99AA6008CEC5C /* BillListViewController.swift */,
				D259513C1D1538AA007AD7D1 /* SplashViewController.swift */,
			);
			name = Controller;
			sourceTree = "<group>";
		};
		D2D3F9541CABD02D00D97B23 /* Network */ = {
			isa = PBXGroup;
			children = (
				D27451A91CA6BE8D0024A904 /* RestClient.swift */,
				D22A7F521CDB511500CFF74A /* RestClientConvenience.swift */,
			);
			name = Network;
			sourceTree = "<group>";
		};
/* End PBXGroup section */

/* Begin PBXNativeTarget section */
		D2964B7B1C7344D700D5FF5C /* OpenNA */ = {
			isa = PBXNativeTarget;
			buildConfigurationList = D2964BA41C7344D700D5FF5C /* Build configuration list for PBXNativeTarget "OpenNA" */;
			buildPhases = (
				CD949E5946271260953AF1FF /* [CP] Check Pods Manifest.lock */,
				D2964B781C7344D700D5FF5C /* Sources */,
				D2964B791C7344D700D5FF5C /* Frameworks */,
				D2964B7A1C7344D700D5FF5C /* Resources */,
				8CB2E59530293D6A8557F6A1 /* [CP] Embed Pods Frameworks */,
				E680D54DE3A772846807D644 /* [CP] Copy Pods Resources */,
			);
			buildRules = (
			);
			dependencies = (
			);
			name = OpenNA;
			productName = OpenNA;
			productReference = D2964B7C1C7344D700D5FF5C /* OpenNA.app */;
			productType = "com.apple.product-type.application";
		};
		D2964B8F1C7344D700D5FF5C /* OpenNATests */ = {
			isa = PBXNativeTarget;
			buildConfigurationList = D2964BA71C7344D700D5FF5C /* Build configuration list for PBXNativeTarget "OpenNATests" */;
			buildPhases = (
				D2964B8C1C7344D700D5FF5C /* Sources */,
				D2964B8D1C7344D700D5FF5C /* Frameworks */,
				D2964B8E1C7344D700D5FF5C /* Resources */,
			);
			buildRules = (
			);
			dependencies = (
				D2964B921C7344D700D5FF5C /* PBXTargetDependency */,
			);
			name = OpenNATests;
			productName = OpenNATests;
			productReference = D2964B901C7344D700D5FF5C /* OpenNATests.xctest */;
			productType = "com.apple.product-type.bundle.unit-test";
		};
		D2964B9A1C7344D700D5FF5C /* OpenNAUITests */ = {
			isa = PBXNativeTarget;
			buildConfigurationList = D2964BAA1C7344D700D5FF5C /* Build configuration list for PBXNativeTarget "OpenNAUITests" */;
			buildPhases = (
				D2964B971C7344D700D5FF5C /* Sources */,
				D2964B981C7344D700D5FF5C /* Frameworks */,
				D2964B991C7344D700D5FF5C /* Resources */,
			);
			buildRules = (
			);
			dependencies = (
				D2964B9D1C7344D700D5FF5C /* PBXTargetDependency */,
			);
			name = OpenNAUITests;
			productName = OpenNAUITests;
			productReference = D2964B9B1C7344D700D5FF5C /* OpenNAUITests.xctest */;
			productType = "com.apple.product-type.bundle.ui-testing";
		};
/* End PBXNativeTarget section */

/* Begin PBXProject section */
		D2964B741C7344D700D5FF5C /* Project object */ = {
			isa = PBXProject;
			attributes = {
				LastSwiftUpdateCheck = 0710;
				LastUpgradeCheck = 0820;
				ORGANIZATIONNAME = wook2;
				TargetAttributes = {
					D2964B7B1C7344D700D5FF5C = {
						CreatedOnToolsVersion = 7.1;
						DevelopmentTeam = MFYH4C9VNG;
						LastSwiftMigration = 0820;
					};
					D2964B8F1C7344D700D5FF5C = {
						CreatedOnToolsVersion = 7.1;
						LastSwiftMigration = 0820;
						TestTargetID = D2964B7B1C7344D700D5FF5C;
					};
					D2964B9A1C7344D700D5FF5C = {
						CreatedOnToolsVersion = 7.1;
						LastSwiftMigration = 0820;
						TestTargetID = D2964B7B1C7344D700D5FF5C;
					};
				};
			};
			buildConfigurationList = D2964B771C7344D700D5FF5C /* Build configuration list for PBXProject "OpenNA" */;
			compatibilityVersion = "Xcode 3.2";
			developmentRegion = English;
			hasScannedForEncodings = 0;
			knownRegions = (
				en,
				Base,
			);
			mainGroup = D2964B731C7344D700D5FF5C;
			productRefGroup = D2964B7D1C7344D700D5FF5C /* Products */;
			projectDirPath = "";
			projectRoot = "";
			targets = (
				D2964B7B1C7344D700D5FF5C /* OpenNA */,
				D2964B8F1C7344D700D5FF5C /* OpenNATests */,
				D2964B9A1C7344D700D5FF5C /* OpenNAUITests */,
			);
		};
/* End PBXProject section */

/* Begin PBXResourcesBuildPhase section */
		D2964B7A1C7344D700D5FF5C /* Resources */ = {
			isa = PBXResourcesBuildPhase;
			buildActionMask = 2147483647;
			files = (
				B88FB50B1E4F9C57002591E3 /* SearchedLawmakerCell.xib in Resources */,
				D2934D041CF3448C00EA734C /* SearchedPartyCell.xib in Resources */,
				D2934CFE1CF3442B00EA734C /* SearchedBillCell.xib in Resources */,
				D291C5331E8D12E30089884D /* assembly.json in Resources */,
				D2D3F9561CABD1A500D97B23 /* BillCell.xib in Resources */,
				D2964B871C7344D700D5FF5C /* Assets.xcassets in Resources */,
				D2964B851C7344D700D5FF5C /* Main.storyboard in Resources */,
				D25951411D153EB5007AD7D1 /* Launch Screen.storyboard in Resources */,
				D29A751E1C92E03F002F06F2 /* LawmakerCell.xib in Resources */,
			);
			runOnlyForDeploymentPostprocessing = 0;
		};
		D2964B8E1C7344D700D5FF5C /* Resources */ = {
			isa = PBXResourcesBuildPhase;
			buildActionMask = 2147483647;
			files = (
			);
			runOnlyForDeploymentPostprocessing = 0;
		};
		D2964B991C7344D700D5FF5C /* Resources */ = {
			isa = PBXResourcesBuildPhase;
			buildActionMask = 2147483647;
			files = (
			);
			runOnlyForDeploymentPostprocessing = 0;
		};
/* End PBXResourcesBuildPhase section */

/* Begin PBXShellScriptBuildPhase section */
		8CB2E59530293D6A8557F6A1 /* [CP] Embed Pods Frameworks */ = {
			isa = PBXShellScriptBuildPhase;
			buildActionMask = 2147483647;
			files = (
			);
			inputPaths = (
			);
			name = "[CP] Embed Pods Frameworks";
			outputPaths = (
			);
			runOnlyForDeploymentPostprocessing = 0;
			shellPath = /bin/sh;
			shellScript = "\"${SRCROOT}/Pods/Target Support Files/Pods-OpenNA/Pods-OpenNA-frameworks.sh\"\n";
			showEnvVarsInLog = 0;
		};
		CD949E5946271260953AF1FF /* [CP] Check Pods Manifest.lock */ = {
			isa = PBXShellScriptBuildPhase;
			buildActionMask = 2147483647;
			files = (
			);
			inputPaths = (
			);
			name = "[CP] Check Pods Manifest.lock";
			outputPaths = (
			);
			runOnlyForDeploymentPostprocessing = 0;
			shellPath = /bin/sh;
			shellScript = "diff \"${PODS_ROOT}/../Podfile.lock\" \"${PODS_ROOT}/Manifest.lock\" > /dev/null\nif [ $? != 0 ] ; then\n    # print error to STDERR\n    echo \"error: The sandbox is not in sync with the Podfile.lock. Run 'pod install' or update your CocoaPods installation.\" >&2\n    exit 1\nfi\n";
			showEnvVarsInLog = 0;
		};
		E680D54DE3A772846807D644 /* [CP] Copy Pods Resources */ = {
			isa = PBXShellScriptBuildPhase;
			buildActionMask = 2147483647;
			files = (
			);
			inputPaths = (
			);
			name = "[CP] Copy Pods Resources";
			outputPaths = (
			);
			runOnlyForDeploymentPostprocessing = 0;
			shellPath = /bin/sh;
			shellScript = "\"${SRCROOT}/Pods/Target Support Files/Pods-OpenNA/Pods-OpenNA-resources.sh\"\n";
			showEnvVarsInLog = 0;
		};
/* End PBXShellScriptBuildPhase section */

/* Begin PBXSourcesBuildPhase section */
		D2964B781C7344D700D5FF5C /* Sources */ = {
			isa = PBXSourcesBuildPhase;
			buildActionMask = 2147483647;
			files = (
				D2934CFA1CF2015500EA734C /* LawmakerDetailViewController.swift in Sources */,
				D2964B821C7344D700D5FF5C /* PoliticsViewController.swift in Sources */,
				D2678C631C9052D80056278F /* Lawmaker.swift in Sources */,
				D235C3301CB1068700704A90 /* ImageCache.swift in Sources */,
				D235C3321CB4090300704A90 /* SearchViewController.swift in Sources */,
				D212D3C01CF97574008CEC5C /* BillInList.swift in Sources */,
				D2678C651C9173780056278F /* LawmakerTableViewCell.swift in Sources */,
				D2964B801C7344D700D5FF5C /* AppDelegate.swift in Sources */,
				D2D3F9531CABCE4F00D97B23 /* BillTableViewCell.swift in Sources */,
				D2678C5E1C904DE90056278F /* CoreDataStackManager.swift in Sources */,
				D253BC721E8CDC5B00237232 /* CoreDataHelper.swift in Sources */,
				D26806581D325E9300DA5C53 /* SearchedLawmakerDetailTableViewCell.swift in Sources */,
				D27451AA1CA6BE8D0024A904 /* RestClient.swift in Sources */,
				D29468131CC2538600232D41 /* Search.swift in Sources */,
				D2934D061CF346E700EA734C /* SearchedLawmakerTableViewCell.swift in Sources */,
				D20028301CE86C9E00F1369E /* WebViewController.swift in Sources */,
				D2D3F94B1CAA808200D97B23 /* Bill.swift in Sources */,
				D2934D0A1CF3470800EA734C /* SearchedPartyTableViewCell.swift in Sources */,
				D2678C671C91797D0056278F /* TaskCancelingTableViewCell.swift in Sources */,
				D212D3C21CF99A8C008CEC5C /* LawmakerListViewController.swift in Sources */,
				D259513D1D1538AA007AD7D1 /* SplashViewController.swift in Sources */,
				D292EE2E1D20067300EF84B0 /* SearchedLawmakerDetailViewController.swift in Sources */,
				D212D3C41CF99AA6008CEC5C /* BillListViewController.swift in Sources */,
				B8DCDA5C1E85700D00F66CA0 /* Enums.swift in Sources */,
				D236968B1D3B3CAB00F9FB75 /* CommonHelper.swift in Sources */,
				D26806531D323A3A00DA5C53 /* LawmakerDetailTableViewCell.swift in Sources */,
				D2934D081CF346FA00EA734C /* SearchedBillTableViewCell.swift in Sources */,
				D212D3BE1CF97563008CEC5C /* LawmakerInList.swift in Sources */,
				D291C5311E8D07270089884D /* BillDetailInfoTableViewCell.swift in Sources */,
				D2D3F95A1CAC2D6700D97B23 /* Party.swift in Sources */,
				D27451A81CA6BE770024A904 /* Constants.swift in Sources */,
				D20028321CE8B3C300F1369E /* BillDetailViewController.swift in Sources */,
				D2678C611C904E740056278F /* Model.xcdatamodeld in Sources */,
				D22A7F531CDB511500CFF74A /* RestClientConvenience.swift in Sources */,
				D27597091E83B81000C31836 /* Extensions.swift in Sources */,
				D23772971CAD22E60004A2E2 /* PartyCollectionViewCell.swift in Sources */,
				D253BC741E8CE79200237232 /* PoliticsViewControllerExtension.swift in Sources */,
			);
			runOnlyForDeploymentPostprocessing = 0;
		};
		D2964B8C1C7344D700D5FF5C /* Sources */ = {
			isa = PBXSourcesBuildPhase;
			buildActionMask = 2147483647;
			files = (
				D2964B951C7344D700D5FF5C /* OpenNATests.swift in Sources */,
			);
			runOnlyForDeploymentPostprocessing = 0;
		};
		D2964B971C7344D700D5FF5C /* Sources */ = {
			isa = PBXSourcesBuildPhase;
			buildActionMask = 2147483647;
			files = (
				D2964BA01C7344D700D5FF5C /* OpenNAUITests.swift in Sources */,
			);
			runOnlyForDeploymentPostprocessing = 0;
		};
/* End PBXSourcesBuildPhase section */

/* Begin PBXTargetDependency section */
		D2964B921C7344D700D5FF5C /* PBXTargetDependency */ = {
			isa = PBXTargetDependency;
			target = D2964B7B1C7344D700D5FF5C /* OpenNA */;
			targetProxy = D2964B911C7344D700D5FF5C /* PBXContainerItemProxy */;
		};
		D2964B9D1C7344D700D5FF5C /* PBXTargetDependency */ = {
			isa = PBXTargetDependency;
			target = D2964B7B1C7344D700D5FF5C /* OpenNA */;
			targetProxy = D2964B9C1C7344D700D5FF5C /* PBXContainerItemProxy */;
		};
/* End PBXTargetDependency section */

/* Begin PBXVariantGroup section */
		D2964B831C7344D700D5FF5C /* Main.storyboard */ = {
			isa = PBXVariantGroup;
			children = (
				D2964B841C7344D700D5FF5C /* Base */,
				D253BC701E8CD4BB00237232 /* ko */,
			);
			name = Main.storyboard;
			sourceTree = "<group>";
		};
/* End PBXVariantGroup section */

/* Begin XCBuildConfiguration section */
		D2964BA21C7344D700D5FF5C /* Debug */ = {
			isa = XCBuildConfiguration;
			buildSettings = {
				ALWAYS_SEARCH_USER_PATHS = NO;
				CLANG_ANALYZER_LOCALIZABILITY_NONLOCALIZED = YES;
				CLANG_CXX_LANGUAGE_STANDARD = "gnu++0x";
				CLANG_CXX_LIBRARY = "libc++";
				CLANG_ENABLE_MODULES = YES;
				CLANG_ENABLE_OBJC_ARC = YES;
				CLANG_WARN_BOOL_CONVERSION = YES;
				CLANG_WARN_CONSTANT_CONVERSION = YES;
				CLANG_WARN_DIRECT_OBJC_ISA_USAGE = YES_ERROR;
				CLANG_WARN_EMPTY_BODY = YES;
				CLANG_WARN_ENUM_CONVERSION = YES;
				CLANG_WARN_INFINITE_RECURSION = YES;
				CLANG_WARN_INT_CONVERSION = YES;
				CLANG_WARN_OBJC_ROOT_CLASS = YES_ERROR;
				CLANG_WARN_SUSPICIOUS_MOVE = YES;
				CLANG_WARN_UNREACHABLE_CODE = YES;
				CLANG_WARN__DUPLICATE_METHOD_MATCH = YES;
				"CODE_SIGN_IDENTITY[sdk=iphoneos*]" = "iPhone Developer";
				COPY_PHASE_STRIP = NO;
				DEBUG_INFORMATION_FORMAT = dwarf;
				ENABLE_STRICT_OBJC_MSGSEND = YES;
				ENABLE_TESTABILITY = YES;
				GCC_C_LANGUAGE_STANDARD = gnu99;
				GCC_DYNAMIC_NO_PIC = NO;
				GCC_NO_COMMON_BLOCKS = YES;
				GCC_OPTIMIZATION_LEVEL = 0;
				GCC_PREPROCESSOR_DEFINITIONS = (
					"DEBUG=1",
					"$(inherited)",
				);
				GCC_WARN_64_TO_32_BIT_CONVERSION = YES;
				GCC_WARN_ABOUT_RETURN_TYPE = YES_ERROR;
				GCC_WARN_UNDECLARED_SELECTOR = YES;
				GCC_WARN_UNINITIALIZED_AUTOS = YES_AGGRESSIVE;
				GCC_WARN_UNUSED_FUNCTION = YES;
				GCC_WARN_UNUSED_VARIABLE = YES;
				IPHONEOS_DEPLOYMENT_TARGET = 9.1;
				MTL_ENABLE_DEBUG_INFO = YES;
				ONLY_ACTIVE_ARCH = YES;
				SDKROOT = iphoneos;
				SWIFT_OPTIMIZATION_LEVEL = "-Onone";
			};
			name = Debug;
		};
		D2964BA31C7344D700D5FF5C /* Release */ = {
			isa = XCBuildConfiguration;
			buildSettings = {
				ALWAYS_SEARCH_USER_PATHS = NO;
				CLANG_ANALYZER_LOCALIZABILITY_NONLOCALIZED = YES;
				CLANG_CXX_LANGUAGE_STANDARD = "gnu++0x";
				CLANG_CXX_LIBRARY = "libc++";
				CLANG_ENABLE_MODULES = YES;
				CLANG_ENABLE_OBJC_ARC = YES;
				CLANG_WARN_BOOL_CONVERSION = YES;
				CLANG_WARN_CONSTANT_CONVERSION = YES;
				CLANG_WARN_DIRECT_OBJC_ISA_USAGE = YES_ERROR;
				CLANG_WARN_EMPTY_BODY = YES;
				CLANG_WARN_ENUM_CONVERSION = YES;
				CLANG_WARN_INFINITE_RECURSION = YES;
				CLANG_WARN_INT_CONVERSION = YES;
				CLANG_WARN_OBJC_ROOT_CLASS = YES_ERROR;
				CLANG_WARN_SUSPICIOUS_MOVE = YES;
				CLANG_WARN_UNREACHABLE_CODE = YES;
				CLANG_WARN__DUPLICATE_METHOD_MATCH = YES;
				"CODE_SIGN_IDENTITY[sdk=iphoneos*]" = "iPhone Developer";
				COPY_PHASE_STRIP = NO;
				DEBUG_INFORMATION_FORMAT = "dwarf-with-dsym";
				ENABLE_NS_ASSERTIONS = NO;
				ENABLE_STRICT_OBJC_MSGSEND = YES;
				GCC_C_LANGUAGE_STANDARD = gnu99;
				GCC_NO_COMMON_BLOCKS = YES;
				GCC_WARN_64_TO_32_BIT_CONVERSION = YES;
				GCC_WARN_ABOUT_RETURN_TYPE = YES_ERROR;
				GCC_WARN_UNDECLARED_SELECTOR = YES;
				GCC_WARN_UNINITIALIZED_AUTOS = YES_AGGRESSIVE;
				GCC_WARN_UNUSED_FUNCTION = YES;
				GCC_WARN_UNUSED_VARIABLE = YES;
				IPHONEOS_DEPLOYMENT_TARGET = 9.1;
				MTL_ENABLE_DEBUG_INFO = NO;
				SDKROOT = iphoneos;
				SWIFT_OPTIMIZATION_LEVEL = "-Owholemodule";
				VALIDATE_PRODUCT = YES;
			};
			name = Release;
		};
		D2964BA51C7344D700D5FF5C /* Debug */ = {
			isa = XCBuildConfiguration;
			baseConfigurationReference = 8501E14855B4581ED95B1665 /* Pods-OpenNA.debug.xcconfig */;
			buildSettings = {
				ALWAYS_EMBED_SWIFT_STANDARD_LIBRARIES = "$(inherited)";
				ASSETCATALOG_COMPILER_APPICON_NAME = AppIcon;
				CODE_SIGN_IDENTITY = "iPhone Developer";
				"CODE_SIGN_IDENTITY[sdk=iphoneos*]" = "iPhone Developer";
				DEVELOPMENT_TEAM = MFYH4C9VNG;
				INFOPLIST_FILE = OpenNA/Info.plist;
				IPHONEOS_DEPLOYMENT_TARGET = 9.0;
				LD_RUNPATH_SEARCH_PATHS = "$(inherited) @executable_path/Frameworks";
				"OTHER_SWIFT_FLAGS[arch=*]" = "-DDEBUG";
				PRODUCT_BUNDLE_IDENTIFIER = com.wook2.OpenNA;
				PRODUCT_NAME = "$(TARGET_NAME)";
				PROVISIONING_PROFILE = "";
				SWIFT_VERSION = 3.0;
			};
			name = Debug;
		};
		D2964BA61C7344D700D5FF5C /* Release */ = {
			isa = XCBuildConfiguration;
			baseConfigurationReference = 22A899453A63A3AB72A6D9FB /* Pods-OpenNA.release.xcconfig */;
			buildSettings = {
				ALWAYS_EMBED_SWIFT_STANDARD_LIBRARIES = "$(inherited)";
				ASSETCATALOG_COMPILER_APPICON_NAME = AppIcon;
				CODE_SIGN_IDENTITY = "iPhone Developer";
				"CODE_SIGN_IDENTITY[sdk=iphoneos*]" = "iPhone Developer";
				DEVELOPMENT_TEAM = MFYH4C9VNG;
				INFOPLIST_FILE = OpenNA/Info.plist;
				IPHONEOS_DEPLOYMENT_TARGET = 9.0;
				LD_RUNPATH_SEARCH_PATHS = "$(inherited) @executable_path/Frameworks";
				PRODUCT_BUNDLE_IDENTIFIER = com.wook2.OpenNA;
				PRODUCT_NAME = "$(TARGET_NAME)";
				PROVISIONING_PROFILE = "";
				SWIFT_VERSION = 3.0;
			};
			name = Release;
		};
		D2964BA81C7344D700D5FF5C /* Debug */ = {
			isa = XCBuildConfiguration;
			buildSettings = {
				BUNDLE_LOADER = "$(TEST_HOST)";
				INFOPLIST_FILE = OpenNATests/Info.plist;
				LD_RUNPATH_SEARCH_PATHS = "$(inherited) @executable_path/Frameworks @loader_path/Frameworks";
				PRODUCT_BUNDLE_IDENTIFIER = com.wook2.OpenNATests;
				PRODUCT_NAME = "$(TARGET_NAME)";
				SWIFT_VERSION = 3.0;
				TEST_HOST = "$(BUILT_PRODUCTS_DIR)/OpenNA.app/OpenNA";
			};
			name = Debug;
		};
		D2964BA91C7344D700D5FF5C /* Release */ = {
			isa = XCBuildConfiguration;
			buildSettings = {
				BUNDLE_LOADER = "$(TEST_HOST)";
				INFOPLIST_FILE = OpenNATests/Info.plist;
				LD_RUNPATH_SEARCH_PATHS = "$(inherited) @executable_path/Frameworks @loader_path/Frameworks";
				PRODUCT_BUNDLE_IDENTIFIER = com.wook2.OpenNATests;
				PRODUCT_NAME = "$(TARGET_NAME)";
				SWIFT_VERSION = 3.0;
				TEST_HOST = "$(BUILT_PRODUCTS_DIR)/OpenNA.app/OpenNA";
			};
			name = Release;
		};
		D2964BAB1C7344D700D5FF5C /* Debug */ = {
			isa = XCBuildConfiguration;
			buildSettings = {
				INFOPLIST_FILE = OpenNAUITests/Info.plist;
				LD_RUNPATH_SEARCH_PATHS = "$(inherited) @executable_path/Frameworks @loader_path/Frameworks";
				PRODUCT_BUNDLE_IDENTIFIER = com.wook2.OpenNAUITests;
				PRODUCT_NAME = "$(TARGET_NAME)";
				SWIFT_VERSION = 3.0;
				TEST_TARGET_NAME = OpenNA;
				USES_XCTRUNNER = YES;
			};
			name = Debug;
		};
		D2964BAC1C7344D700D5FF5C /* Release */ = {
			isa = XCBuildConfiguration;
			buildSettings = {
				INFOPLIST_FILE = OpenNAUITests/Info.plist;
				LD_RUNPATH_SEARCH_PATHS = "$(inherited) @executable_path/Frameworks @loader_path/Frameworks";
				PRODUCT_BUNDLE_IDENTIFIER = com.wook2.OpenNAUITests;
				PRODUCT_NAME = "$(TARGET_NAME)";
				SWIFT_VERSION = 3.0;
				TEST_TARGET_NAME = OpenNA;
				USES_XCTRUNNER = YES;
			};
			name = Release;
		};
/* End XCBuildConfiguration section */

/* Begin XCConfigurationList section */
		D2964B771C7344D700D5FF5C /* Build configuration list for PBXProject "OpenNA" */ = {
			isa = XCConfigurationList;
			buildConfigurations = (
				D2964BA21C7344D700D5FF5C /* Debug */,
				D2964BA31C7344D700D5FF5C /* Release */,
			);
			defaultConfigurationIsVisible = 0;
			defaultConfigurationName = Release;
		};
		D2964BA41C7344D700D5FF5C /* Build configuration list for PBXNativeTarget "OpenNA" */ = {
			isa = XCConfigurationList;
			buildConfigurations = (
				D2964BA51C7344D700D5FF5C /* Debug */,
				D2964BA61C7344D700D5FF5C /* Release */,
			);
			defaultConfigurationIsVisible = 0;
			defaultConfigurationName = Release;
		};
		D2964BA71C7344D700D5FF5C /* Build configuration list for PBXNativeTarget "OpenNATests" */ = {
			isa = XCConfigurationList;
			buildConfigurations = (
				D2964BA81C7344D700D5FF5C /* Debug */,
				D2964BA91C7344D700D5FF5C /* Release */,
			);
			defaultConfigurationIsVisible = 0;
			defaultConfigurationName = Release;
		};
		D2964BAA1C7344D700D5FF5C /* Build configuration list for PBXNativeTarget "OpenNAUITests" */ = {
			isa = XCConfigurationList;
			buildConfigurations = (
				D2964BAB1C7344D700D5FF5C /* Debug */,
				D2964BAC1C7344D700D5FF5C /* Release */,
			);
			defaultConfigurationIsVisible = 0;
			defaultConfigurationName = Release;
		};
/* End XCConfigurationList section */

/* Begin XCVersionGroup section */
		D2678C5F1C904E740056278F /* Model.xcdatamodeld */ = {
			isa = XCVersionGroup;
			children = (
				D2678C601C904E740056278F /* Model.xcdatamodel */,
			);
			currentVersion = D2678C601C904E740056278F /* Model.xcdatamodel */;
			path = Model.xcdatamodeld;
			sourceTree = "<group>";
			versionGroupType = wrapper.xcdatamodel;
		};
/* End XCVersionGroup section */
	};
	rootObject = D2964B741C7344D700D5FF5C /* Project object */;
}
